
Microsoft Visual Studio Solution File, Format Version 12.00
# Visual Studio Version 17
VisualStudioVersion = 17.9.34728.123
MinimumVisualStudioVersion = 10.0.40219.1
Project("{FAE04EC0-301F-11D3-BF4B-00C04F79EFBC}") = "RPCServer", "RPCServer.csproj", "{405E1253-9F94-4409-8B73-B2AC898D7868}"
EndProject
Global
	GlobalSection(SolutionConfigurationPlatforms) = preSolution
		Debug|Any CPU = Debug|Any CPU
		Release|Any CPU = Release|Any CPU
	EndGlobalSection
	GlobalSection(ProjectConfigurationPlatforms) = postSolution
		{405E1253-9F94-4409-8B73-B2AC898D7868}.Debug|Any CPU.ActiveCfg = Debug|Any CPU
		{405E1253-9F94-4409-8B73-B2AC898D7868}.Debug|Any CPU.Build.0 = Debug|Any CPU
		{405E1253-9F94-4409-8B73-B2AC898D7868}.Release|Any CPU.ActiveCfg = Release|Any CPU
		{405E1253-9F94-4409-8B73-B2AC898D7868}.Release|Any CPU.Build.0 = Release|Any CPU
	EndGlobalSection
	GlobalSection(SolutionProperties) = preSolution
		HideSolutionNode = FALSE
	EndGlobalSection
	GlobalSection(ExtensibilityGlobals) = postSolution
		SolutionGuid = {20FF5348-C3AF-4C43-86C3-22BA1FCBAED8}
	EndGlobalSection
EndGlobal
